
Microsoft Visual Studio Solution File, Format Version 12.00
# Visual Studio Version 16
VisualStudioVersion = 25.0.1705.7
MinimumVisualStudioVersion = 10.0.40219.1
Project("{FAE04EC0-301F-11D3-BF4B-00C04F79EFBC}") = "ShieldFraud_iOS", "ShieldFraud_iOS\ShieldFraud_iOS.csproj", "{2979E080-E736-4FC6-9274-659B5AA805AA}"
EndProject
Global
	GlobalSection(SolutionConfigurationPlatforms) = preSolution
		Debug|Any CPU = Debug|Any CPU
		Release|Any CPU = Release|Any CPU
	EndGlobalSection
	GlobalSection(ProjectConfigurationPlatforms) = postSolution
		{2979E080-E736-4FC6-9274-659B5AA805AA}.Debug|Any CPU.ActiveCfg = Debug|Any CPU
		{2979E080-E736-4FC6-9274-659B5AA805AA}.Debug|Any CPU.Build.0 = Debug|Any CPU
		{2979E080-E736-4FC6-9274-659B5AA805AA}.Release|Any CPU.ActiveCfg = Release|Any CPU
		{2979E080-E736-4FC6-9274-659B5AA805AA}.Release|Any CPU.Build.0 = Release|Any CPU
	EndGlobalSection
	GlobalSection(SolutionProperties) = preSolution
		HideSolutionNode = FALSE
	EndGlobalSection
	GlobalSection(ExtensibilityGlobals) = postSolution
		SolutionGuid = {38014D73-A94C-40D4-9620-21A2A347FE69}
	EndGlobalSection
EndGlobal
